// !$*UTF8*$!
{
	archiveVersion = 1;
	classes = {
	};
	objectVersion = 55;
	objects = {

/* Begin PBXBuildFile section */
		C74AF1B1284E0B5100FF6C31 /* NewSceneView.swift in Sources */ = {isa = PBXBuildFile; fileRef = C74AF1A1284E0B5100FF6C31 /* NewSceneView.swift */; };
		C74AF1B2284E0B5100FF6C31 /* NewSceneRouter.swift in Sources */ = {isa = PBXBuildFile; fileRef = C74AF1A2284E0B5100FF6C31 /* NewSceneRouter.swift */; };
		C74AF1B3284E0B5100FF6C31 /* NewScenePresenter.swift in Sources */ = {isa = PBXBuildFile; fileRef = C74AF1A3284E0B5100FF6C31 /* NewScenePresenter.swift */; };
		C74AF1B4284E0B5100FF6C31 /* NewSceneInteractor.swift in Sources */ = {isa = PBXBuildFile; fileRef = C74AF1A4284E0B5100FF6C31 /* NewSceneInteractor.swift */; };
		C74AF1B5284E0B5100FF6C31 /* NewSceneInteractorProtocol.swift in Sources */ = {isa = PBXBuildFile; fileRef = C74AF1A6284E0B5100FF6C31 /* NewSceneInteractorProtocol.swift */; };
		C74AF1B6284E0B5100FF6C31 /* NewSceneViewProtocol.swift in Sources */ = {isa = PBXBuildFile; fileRef = C74AF1A7284E0B5100FF6C31 /* NewSceneViewProtocol.swift */; };
		C74AF1B7284E0B5100FF6C31 /* NewSceneInputViewProtocol.swift in Sources */ = {isa = PBXBuildFile; fileRef = C74AF1A9284E0B5100FF6C31 /* NewSceneInputViewProtocol.swift */; };
		C74AF1B8284E0B5100FF6C31 /* NewSceneInputRouterProtocol.swift in Sources */ = {isa = PBXBuildFile; fileRef = C74AF1AA284E0B5100FF6C31 /* NewSceneInputRouterProtocol.swift */; };
		C74AF1B9284E0B5100FF6C31 /* NewSceneInputInteractorProtocol.swift in Sources */ = {isa = PBXBuildFile; fileRef = C74AF1AB284E0B5100FF6C31 /* NewSceneInputInteractorProtocol.swift */; };
		C74AF1BA284E0B5100FF6C31 /* NewScenePresenterProtocol.swift in Sources */ = {isa = PBXBuildFile; fileRef = C74AF1AC284E0B5100FF6C31 /* NewScenePresenterProtocol.swift */; };
		C74AF1BB284E0B5100FF6C31 /* NewSceneOutputInteractorProtocol.swift in Sources */ = {isa = PBXBuildFile; fileRef = C74AF1AE284E0B5100FF6C31 /* NewSceneOutputInteractorProtocol.swift */; };
		C74AF1BC284E0B5100FF6C31 /* NewSceneOutputViewProtocol.swift in Sources */ = {isa = PBXBuildFile; fileRef = C74AF1AF284E0B5100FF6C31 /* NewSceneOutputViewProtocol.swift */; };
		C74AF1BD284E0B5100FF6C31 /* NewSceneRouterProtocol.swift in Sources */ = {isa = PBXBuildFile; fileRef = C74AF1B0284E0B5100FF6C31 /* NewSceneRouterProtocol.swift */; };
		C74AF1BF284E0B6E00FF6C31 /* NewSceneView.storyboard in Resources */ = {isa = PBXBuildFile; fileRef = C74AF1BE284E0B6E00FF6C31 /* NewSceneView.storyboard */; };
		C74AF1C1284E12EE00FF6C31 /* NewSceneCollectionCell.swift in Sources */ = {isa = PBXBuildFile; fileRef = C74AF1C0284E12EE00FF6C31 /* NewSceneCollectionCell.swift */; };
		C74AF1CB284E2D9100FF6C31 /* Support in Frameworks */ = {isa = PBXBuildFile; productRef = C74AF1CA284E2D9100FF6C31 /* Support */; };
		C7B66EDA2849F83200E4A858 /* AppDelegate.swift in Sources */ = {isa = PBXBuildFile; fileRef = C7B66ED92849F83200E4A858 /* AppDelegate.swift */; };
		C7B66EE32849F83400E4A858 /* Assets.xcassets in Resources */ = {isa = PBXBuildFile; fileRef = C7B66EE22849F83400E4A858 /* Assets.xcassets */; };
		C7B66EE62849F83400E4A858 /* LaunchScreen.storyboard in Resources */ = {isa = PBXBuildFile; fileRef = C7B66EE42849F83400E4A858 /* LaunchScreen.storyboard */; };
		C7B66F23284A01AB00E4A858 /* BrowserInteractor.swift in Sources */ = {isa = PBXBuildFile; fileRef = C7B66F13284A01AB00E4A858 /* BrowserInteractor.swift */; };
		C7B66F24284A01AB00E4A858 /* BrowserView.swift in Sources */ = {isa = PBXBuildFile; fileRef = C7B66F14284A01AB00E4A858 /* BrowserView.swift */; };
		C7B66F25284A01AB00E4A858 /* BrowserPresenter.swift in Sources */ = {isa = PBXBuildFile; fileRef = C7B66F15284A01AB00E4A858 /* BrowserPresenter.swift */; };
		C7B66F26284A01AB00E4A858 /* BrowserRouter.swift in Sources */ = {isa = PBXBuildFile; fileRef = C7B66F16284A01AB00E4A858 /* BrowserRouter.swift */; };
		C7B66F27284A01AB00E4A858 /* BrowserRouterProtocol.swift in Sources */ = {isa = PBXBuildFile; fileRef = C7B66F18284A01AB00E4A858 /* BrowserRouterProtocol.swift */; };
		C7B66F28284A01AB00E4A858 /* BrowserInputRouterProtocol.swift in Sources */ = {isa = PBXBuildFile; fileRef = C7B66F1A284A01AB00E4A858 /* BrowserInputRouterProtocol.swift */; };
		C7B66F29284A01AB00E4A858 /* BrowserInputInteractorProtocol.swift in Sources */ = {isa = PBXBuildFile; fileRef = C7B66F1B284A01AB00E4A858 /* BrowserInputInteractorProtocol.swift */; };
		C7B66F2A284A01AB00E4A858 /* BrowserInputViewProtocol.swift in Sources */ = {isa = PBXBuildFile; fileRef = C7B66F1C284A01AB00E4A858 /* BrowserInputViewProtocol.swift */; };
		C7B66F2B284A01AB00E4A858 /* BrowserInteractorProtocol.swift in Sources */ = {isa = PBXBuildFile; fileRef = C7B66F1D284A01AB00E4A858 /* BrowserInteractorProtocol.swift */; };
		C7B66F2C284A01AB00E4A858 /* BrowserOutputViewProtocol.swift in Sources */ = {isa = PBXBuildFile; fileRef = C7B66F1F284A01AB00E4A858 /* BrowserOutputViewProtocol.swift */; };
		C7B66F2D284A01AB00E4A858 /* BrowserOutputInteractorProtocol.swift in Sources */ = {isa = PBXBuildFile; fileRef = C7B66F20284A01AB00E4A858 /* BrowserOutputInteractorProtocol.swift */; };
		C7B66F2E284A01AB00E4A858 /* BrowserViewProtocol.swift in Sources */ = {isa = PBXBuildFile; fileRef = C7B66F21284A01AB00E4A858 /* BrowserViewProtocol.swift */; };
		C7B66F2F284A01AB00E4A858 /* BrowserPresenterProtocol.swift in Sources */ = {isa = PBXBuildFile; fileRef = C7B66F22284A01AB00E4A858 /* BrowserPresenterProtocol.swift */; };
		C7B66F45284A02FA00E4A858 /* UIViewController+Common.swift in Sources */ = {isa = PBXBuildFile; fileRef = C7B66F37284A02F900E4A858 /* UIViewController+Common.swift */; };
		C7B66F4F284A048600E4A858 /* BrowserView.storyboard in Resources */ = {isa = PBXBuildFile; fileRef = C7B66F4E284A048600E4A858 /* BrowserView.storyboard */; };
		C7B66F53284A05C200E4A858 /* Core in Frameworks */ = {isa = PBXBuildFile; productRef = C7B66F52284A05C200E4A858 /* Core */; };
		C7B66F57284A306300E4A858 /* XibView.swift in Sources */ = {isa = PBXBuildFile; fileRef = C7B66F56284A306300E4A858 /* XibView.swift */; };
		C7B66F5E284A3A1300E4A858 /* BlurView.swift in Sources */ = {isa = PBXBuildFile; fileRef = C7B66F5D284A3A1300E4A858 /* BlurView.swift */; };
		C7B66F60284A44B900E4A858 /* Constants.swift in Sources */ = {isa = PBXBuildFile; fileRef = C7B66F5F284A44B900E4A858 /* Constants.swift */; };
		C7BCFF7E284DEA82000A7061 /* BrowserCollectionViewCell.swift in Sources */ = {isa = PBXBuildFile; fileRef = C7BCFF7D284DEA82000A7061 /* BrowserCollectionViewCell.swift */; };
		C7C6D157284DF5A100A3DB95 /* DifferenceKit in Frameworks */ = {isa = PBXBuildFile; productRef = C7C6D156284DF5A100A3DB95 /* DifferenceKit */; };
		C7C6D15B284DFB4200A3DB95 /* UIView+Common.swift in Sources */ = {isa = PBXBuildFile; fileRef = C7C6D15A284DFB4200A3DB95 /* UIView+Common.swift */; };
/* End PBXBuildFile section */

/* Begin PBXFileReference section */
		C74AF1A1284E0B5100FF6C31 /* NewSceneView.swift */ = {isa = PBXFileReference; fileEncoding = 4; lastKnownFileType = sourcecode.swift; path = NewSceneView.swift; sourceTree = "<group>"; };
		C74AF1A2284E0B5100FF6C31 /* NewSceneRouter.swift */ = {isa = PBXFileReference; fileEncoding = 4; lastKnownFileType = sourcecode.swift; path = NewSceneRouter.swift; sourceTree = "<group>"; };
		C74AF1A3284E0B5100FF6C31 /* NewScenePresenter.swift */ = {isa = PBXFileReference; fileEncoding = 4; lastKnownFileType = sourcecode.swift; path = NewScenePresenter.swift; sourceTree = "<group>"; };
		C74AF1A4284E0B5100FF6C31 /* NewSceneInteractor.swift */ = {isa = PBXFileReference; fileEncoding = 4; lastKnownFileType = sourcecode.swift; path = NewSceneInteractor.swift; sourceTree = "<group>"; };
		C74AF1A6284E0B5100FF6C31 /* NewSceneInteractorProtocol.swift */ = {isa = PBXFileReference; fileEncoding = 4; lastKnownFileType = sourcecode.swift; path = NewSceneInteractorProtocol.swift; sourceTree = "<group>"; };
		C74AF1A7284E0B5100FF6C31 /* NewSceneViewProtocol.swift */ = {isa = PBXFileReference; fileEncoding = 4; lastKnownFileType = sourcecode.swift; path = NewSceneViewProtocol.swift; sourceTree = "<group>"; };
		C74AF1A9284E0B5100FF6C31 /* NewSceneInputViewProtocol.swift */ = {isa = PBXFileReference; fileEncoding = 4; lastKnownFileType = sourcecode.swift; path = NewSceneInputViewProtocol.swift; sourceTree = "<group>"; };
		C74AF1AA284E0B5100FF6C31 /* NewSceneInputRouterProtocol.swift */ = {isa = PBXFileReference; fileEncoding = 4; lastKnownFileType = sourcecode.swift; path = NewSceneInputRouterProtocol.swift; sourceTree = "<group>"; };
		C74AF1AB284E0B5100FF6C31 /* NewSceneInputInteractorProtocol.swift */ = {isa = PBXFileReference; fileEncoding = 4; lastKnownFileType = sourcecode.swift; path = NewSceneInputInteractorProtocol.swift; sourceTree = "<group>"; };
		C74AF1AC284E0B5100FF6C31 /* NewScenePresenterProtocol.swift */ = {isa = PBXFileReference; fileEncoding = 4; lastKnownFileType = sourcecode.swift; path = NewScenePresenterProtocol.swift; sourceTree = "<group>"; };
		C74AF1AE284E0B5100FF6C31 /* NewSceneOutputInteractorProtocol.swift */ = {isa = PBXFileReference; fileEncoding = 4; lastKnownFileType = sourcecode.swift; path = NewSceneOutputInteractorProtocol.swift; sourceTree = "<group>"; };
		C74AF1AF284E0B5100FF6C31 /* NewSceneOutputViewProtocol.swift */ = {isa = PBXFileReference; fileEncoding = 4; lastKnownFileType = sourcecode.swift; path = NewSceneOutputViewProtocol.swift; sourceTree = "<group>"; };
		C74AF1B0284E0B5100FF6C31 /* NewSceneRouterProtocol.swift */ = {isa = PBXFileReference; fileEncoding = 4; lastKnownFileType = sourcecode.swift; path = NewSceneRouterProtocol.swift; sourceTree = "<group>"; };
		C74AF1BE284E0B6E00FF6C31 /* NewSceneView.storyboard */ = {isa = PBXFileReference; lastKnownFileType = file.storyboard; path = NewSceneView.storyboard; sourceTree = "<group>"; };
		C74AF1C0284E12EE00FF6C31 /* NewSceneCollectionCell.swift */ = {isa = PBXFileReference; lastKnownFileType = sourcecode.swift; path = NewSceneCollectionCell.swift; sourceTree = "<group>"; };
		C74AF1C8284E2B1C00FF6C31 /* Support */ = {isa = PBXFileReference; lastKnownFileType = wrapper; path = Support; sourceTree = "<group>"; };
		C7B66ED62849F83200E4A858 /* FlipPad.app */ = {isa = PBXFileReference; explicitFileType = wrapper.application; includeInIndex = 0; path = FlipPad.app; sourceTree = BUILT_PRODUCTS_DIR; };
		C7B66ED92849F83200E4A858 /* AppDelegate.swift */ = {isa = PBXFileReference; lastKnownFileType = sourcecode.swift; path = AppDelegate.swift; sourceTree = "<group>"; };
		C7B66EE22849F83400E4A858 /* Assets.xcassets */ = {isa = PBXFileReference; lastKnownFileType = folder.assetcatalog; path = Assets.xcassets; sourceTree = "<group>"; };
		C7B66EE52849F83400E4A858 /* Base */ = {isa = PBXFileReference; lastKnownFileType = file.storyboard; name = Base; path = Base.lproj/LaunchScreen.storyboard; sourceTree = "<group>"; };
		C7B66EE72849F83400E4A858 /* Info.plist */ = {isa = PBXFileReference; lastKnownFileType = text.plist.xml; path = Info.plist; sourceTree = "<group>"; };
		C7B66EED2849F84A00E4A858 /* FlipPad.entitlements */ = {isa = PBXFileReference; lastKnownFileType = text.plist.entitlements; path = FlipPad.entitlements; sourceTree = "<group>"; };
		C7B66F13284A01AB00E4A858 /* BrowserInteractor.swift */ = {isa = PBXFileReference; fileEncoding = 4; lastKnownFileType = sourcecode.swift; path = BrowserInteractor.swift; sourceTree = "<group>"; };
		C7B66F14284A01AB00E4A858 /* BrowserView.swift */ = {isa = PBXFileReference; fileEncoding = 4; lastKnownFileType = sourcecode.swift; path = BrowserView.swift; sourceTree = "<group>"; };
		C7B66F15284A01AB00E4A858 /* BrowserPresenter.swift */ = {isa = PBXFileReference; fileEncoding = 4; lastKnownFileType = sourcecode.swift; path = BrowserPresenter.swift; sourceTree = "<group>"; };
		C7B66F16284A01AB00E4A858 /* BrowserRouter.swift */ = {isa = PBXFileReference; fileEncoding = 4; lastKnownFileType = sourcecode.swift; path = BrowserRouter.swift; sourceTree = "<group>"; };
		C7B66F18284A01AB00E4A858 /* BrowserRouterProtocol.swift */ = {isa = PBXFileReference; fileEncoding = 4; lastKnownFileType = sourcecode.swift; path = BrowserRouterProtocol.swift; sourceTree = "<group>"; };
		C7B66F1A284A01AB00E4A858 /* BrowserInputRouterProtocol.swift */ = {isa = PBXFileReference; fileEncoding = 4; lastKnownFileType = sourcecode.swift; path = BrowserInputRouterProtocol.swift; sourceTree = "<group>"; };
		C7B66F1B284A01AB00E4A858 /* BrowserInputInteractorProtocol.swift */ = {isa = PBXFileReference; fileEncoding = 4; lastKnownFileType = sourcecode.swift; path = BrowserInputInteractorProtocol.swift; sourceTree = "<group>"; };
		C7B66F1C284A01AB00E4A858 /* BrowserInputViewProtocol.swift */ = {isa = PBXFileReference; fileEncoding = 4; lastKnownFileType = sourcecode.swift; path = BrowserInputViewProtocol.swift; sourceTree = "<group>"; };
		C7B66F1D284A01AB00E4A858 /* BrowserInteractorProtocol.swift */ = {isa = PBXFileReference; fileEncoding = 4; lastKnownFileType = sourcecode.swift; path = BrowserInteractorProtocol.swift; sourceTree = "<group>"; };
		C7B66F1F284A01AB00E4A858 /* BrowserOutputViewProtocol.swift */ = {isa = PBXFileReference; fileEncoding = 4; lastKnownFileType = sourcecode.swift; path = BrowserOutputViewProtocol.swift; sourceTree = "<group>"; };
		C7B66F20284A01AB00E4A858 /* BrowserOutputInteractorProtocol.swift */ = {isa = PBXFileReference; fileEncoding = 4; lastKnownFileType = sourcecode.swift; path = BrowserOutputInteractorProtocol.swift; sourceTree = "<group>"; };
		C7B66F21284A01AB00E4A858 /* BrowserViewProtocol.swift */ = {isa = PBXFileReference; fileEncoding = 4; lastKnownFileType = sourcecode.swift; path = BrowserViewProtocol.swift; sourceTree = "<group>"; };
		C7B66F22284A01AB00E4A858 /* BrowserPresenterProtocol.swift */ = {isa = PBXFileReference; fileEncoding = 4; lastKnownFileType = sourcecode.swift; path = BrowserPresenterProtocol.swift; sourceTree = "<group>"; };
		C7B66F37284A02F900E4A858 /* UIViewController+Common.swift */ = {isa = PBXFileReference; fileEncoding = 4; lastKnownFileType = sourcecode.swift; path = "UIViewController+Common.swift"; sourceTree = "<group>"; };
		C7B66F4E284A048600E4A858 /* BrowserView.storyboard */ = {isa = PBXFileReference; lastKnownFileType = file.storyboard; path = BrowserView.storyboard; sourceTree = "<group>"; };
		C7B66F50284A057300E4A858 /* Core */ = {isa = PBXFileReference; lastKnownFileType = wrapper; path = Core; sourceTree = "<group>"; };
		C7B66F56284A306300E4A858 /* XibView.swift */ = {isa = PBXFileReference; fileEncoding = 4; lastKnownFileType = sourcecode.swift; path = XibView.swift; sourceTree = "<group>"; };
		C7B66F5D284A3A1300E4A858 /* BlurView.swift */ = {isa = PBXFileReference; fileEncoding = 4; lastKnownFileType = sourcecode.swift; path = BlurView.swift; sourceTree = "<group>"; };
		C7B66F5F284A44B900E4A858 /* Constants.swift */ = {isa = PBXFileReference; lastKnownFileType = sourcecode.swift; path = Constants.swift; sourceTree = "<group>"; };
		C7BCFF7D284DEA82000A7061 /* BrowserCollectionViewCell.swift */ = {isa = PBXFileReference; lastKnownFileType = sourcecode.swift; path = BrowserCollectionViewCell.swift; sourceTree = "<group>"; };
		C7C6D15A284DFB4200A3DB95 /* UIView+Common.swift */ = {isa = PBXFileReference; lastKnownFileType = sourcecode.swift; path = "UIView+Common.swift"; sourceTree = "<group>"; };
/* End PBXFileReference section */

/* Begin PBXFrameworksBuildPhase section */
		C7B66ED32849F83200E4A858 /* Frameworks */ = {
			isa = PBXFrameworksBuildPhase;
			buildActionMask = 2147483647;
			files = (
				C74AF1CB284E2D9100FF6C31 /* Support in Frameworks */,
				C7C6D157284DF5A100A3DB95 /* DifferenceKit in Frameworks */,
				C7B66F53284A05C200E4A858 /* Core in Frameworks */,
			);
			runOnlyForDeploymentPostprocessing = 0;
		};
/* End PBXFrameworksBuildPhase section */

/* Begin PBXGroup section */
		C74AF19F284E0B5100FF6C31 /* NewScene */ = {
			isa = PBXGroup;
			children = (
				C74AF1BE284E0B6E00FF6C31 /* NewSceneView.storyboard */,
				C74AF1C2284E12F200FF6C31 /* Cells */,
				C74AF1A0284E0B5100FF6C31 /* Classes */,
				C74AF1A5284E0B5100FF6C31 /* Protocols */,
			);
			path = NewScene;
			sourceTree = "<group>";
		};
		C74AF1A0284E0B5100FF6C31 /* Classes */ = {
			isa = PBXGroup;
			children = (
				C74AF1A4284E0B5100FF6C31 /* NewSceneInteractor.swift */,
				C74AF1A3284E0B5100FF6C31 /* NewScenePresenter.swift */,
				C74AF1A2284E0B5100FF6C31 /* NewSceneRouter.swift */,
				C74AF1A1284E0B5100FF6C31 /* NewSceneView.swift */,
			);
			path = Classes;
			sourceTree = "<group>";
		};
		C74AF1A5284E0B5100FF6C31 /* Protocols */ = {
			isa = PBXGroup;
			children = (
				C74AF1A6284E0B5100FF6C31 /* NewSceneInteractorProtocol.swift */,
				C74AF1AC284E0B5100FF6C31 /* NewScenePresenterProtocol.swift */,
				C74AF1B0284E0B5100FF6C31 /* NewSceneRouterProtocol.swift */,
				C74AF1A7284E0B5100FF6C31 /* NewSceneViewProtocol.swift */,
				C74AF1A8284E0B5100FF6C31 /* Input */,
				C74AF1AD284E0B5100FF6C31 /* Output */,
			);
			path = Protocols;
			sourceTree = "<group>";
		};
		C74AF1A8284E0B5100FF6C31 /* Input */ = {
			isa = PBXGroup;
			children = (
				C74AF1AB284E0B5100FF6C31 /* NewSceneInputInteractorProtocol.swift */,
				C74AF1AA284E0B5100FF6C31 /* NewSceneInputRouterProtocol.swift */,
				C74AF1A9284E0B5100FF6C31 /* NewSceneInputViewProtocol.swift */,
			);
			path = Input;
			sourceTree = "<group>";
		};
		C74AF1AD284E0B5100FF6C31 /* Output */ = {
			isa = PBXGroup;
			children = (
				C74AF1AE284E0B5100FF6C31 /* NewSceneOutputInteractorProtocol.swift */,
				C74AF1AF284E0B5100FF6C31 /* NewSceneOutputViewProtocol.swift */,
			);
			path = Output;
			sourceTree = "<group>";
		};
		C74AF1C2284E12F200FF6C31 /* Cells */ = {
			isa = PBXGroup;
			children = (
				C74AF1C0284E12EE00FF6C31 /* NewSceneCollectionCell.swift */,
			);
			path = Cells;
			sourceTree = "<group>";
		};
		C7B66ECD2849F83100E4A858 = {
			isa = PBXGroup;
			children = (
				C7B66F50284A057300E4A858 /* Core */,
				C74AF1C8284E2B1C00FF6C31 /* Support */,
				C7B66ED82849F83200E4A858 /* FlipPad */,
				C7B66ED72849F83200E4A858 /* Products */,
			);
			sourceTree = "<group>";
		};
		C7B66ED72849F83200E4A858 /* Products */ = {
			isa = PBXGroup;
			children = (
				C7B66ED62849F83200E4A858 /* FlipPad.app */,
			);
			name = Products;
			sourceTree = "<group>";
		};
		C7B66ED82849F83200E4A858 /* FlipPad */ = {
			isa = PBXGroup;
			children = (
				C7B66ED92849F83200E4A858 /* AppDelegate.swift */,
				C7B66F5F284A44B900E4A858 /* Constants.swift */,
				C7B66EE22849F83400E4A858 /* Assets.xcassets */,
				C7B66F30284A01F600E4A858 /* Extensions */,
				C7B66EEF284A011B00E4A858 /* Modules */,
				C7B66F31284A022000E4A858 /* Others */,
				C7B66F32284A029900E4A858 /* Storyboards */,
				C7B66F54284A301C00E4A858 /* Views */,
			);
			path = FlipPad;
			sourceTree = "<group>";
		};
		C7B66EEF284A011B00E4A858 /* Modules */ = {
			isa = PBXGroup;
			children = (
				C7B66F11284A01AB00E4A858 /* Browser */,
				C74AF19F284E0B5100FF6C31 /* NewScene */,
			);
			path = Modules;
			sourceTree = "<group>";
		};
		C7B66F11284A01AB00E4A858 /* Browser */ = {
			isa = PBXGroup;
			children = (
				C7B66F4E284A048600E4A858 /* BrowserView.storyboard */,
				C7BCFF7C284DEA68000A7061 /* Cells */,
				C7B66F12284A01AB00E4A858 /* Classes */,
				C7B66F17284A01AB00E4A858 /* Protocols */,
			);
			path = Browser;
			sourceTree = "<group>";
		};
		C7B66F12284A01AB00E4A858 /* Classes */ = {
			isa = PBXGroup;
			children = (
				C7B66F13284A01AB00E4A858 /* BrowserInteractor.swift */,
				C7B66F15284A01AB00E4A858 /* BrowserPresenter.swift */,
				C7B66F16284A01AB00E4A858 /* BrowserRouter.swift */,
				C7B66F14284A01AB00E4A858 /* BrowserView.swift */,
			);
			path = Classes;
			sourceTree = "<group>";
		};
		C7B66F17284A01AB00E4A858 /* Protocols */ = {
			isa = PBXGroup;
			children = (
				C7B66F1D284A01AB00E4A858 /* BrowserInteractorProtocol.swift */,
				C7B66F22284A01AB00E4A858 /* BrowserPresenterProtocol.swift */,
				C7B66F18284A01AB00E4A858 /* BrowserRouterProtocol.swift */,
				C7B66F21284A01AB00E4A858 /* BrowserViewProtocol.swift */,
				C7B66F19284A01AB00E4A858 /* Input */,
				C7B66F1E284A01AB00E4A858 /* Output */,
			);
			path = Protocols;
			sourceTree = "<group>";
		};
		C7B66F19284A01AB00E4A858 /* Input */ = {
			isa = PBXGroup;
			children = (
				C7B66F1B284A01AB00E4A858 /* BrowserInputInteractorProtocol.swift */,
				C7B66F1A284A01AB00E4A858 /* BrowserInputRouterProtocol.swift */,
				C7B66F1C284A01AB00E4A858 /* BrowserInputViewProtocol.swift */,
			);
			path = Input;
			sourceTree = "<group>";
		};
		C7B66F1E284A01AB00E4A858 /* Output */ = {
			isa = PBXGroup;
			children = (
				C7B66F20284A01AB00E4A858 /* BrowserOutputInteractorProtocol.swift */,
				C7B66F1F284A01AB00E4A858 /* BrowserOutputViewProtocol.swift */,
			);
			path = Output;
			sourceTree = "<group>";
		};
		C7B66F30284A01F600E4A858 /* Extensions */ = {
			isa = PBXGroup;
			children = (
				C7C6D15A284DFB4200A3DB95 /* UIView+Common.swift */,
				C7B66F37284A02F900E4A858 /* UIViewController+Common.swift */,
			);
			path = Extensions;
			sourceTree = "<group>";
		};
		C7B66F31284A022000E4A858 /* Others */ = {
			isa = PBXGroup;
			children = (
				C7B66EED2849F84A00E4A858 /* FlipPad.entitlements */,
				C7B66EE72849F83400E4A858 /* Info.plist */,
			);
			path = Others;
			sourceTree = "<group>";
		};
		C7B66F32284A029900E4A858 /* Storyboards */ = {
			isa = PBXGroup;
			children = (
				C7B66EE42849F83400E4A858 /* LaunchScreen.storyboard */,
			);
			path = Storyboards;
			sourceTree = "<group>";
		};
		C7B66F54284A301C00E4A858 /* Views */ = {
			isa = PBXGroup;
			children = (
				C7B66F5D284A3A1300E4A858 /* BlurView.swift */,
				C7B66F55284A303A00E4A858 /* XibViews */,
			);
			path = Views;
			sourceTree = "<group>";
		};
		C7B66F55284A303A00E4A858 /* XibViews */ = {
			isa = PBXGroup;
			children = (
				C7B66F56284A306300E4A858 /* XibView.swift */,
			);
			path = XibViews;
			sourceTree = "<group>";
		};
		C7BCFF7C284DEA68000A7061 /* Cells */ = {
			isa = PBXGroup;
			children = (
				C7BCFF7D284DEA82000A7061 /* BrowserCollectionViewCell.swift */,
			);
			path = Cells;
			sourceTree = "<group>";
		};
/* End PBXGroup section */

/* Begin PBXNativeTarget section */
		C7B66ED52849F83200E4A858 /* FlipPad */ = {
			isa = PBXNativeTarget;
			buildConfigurationList = C7B66EEA2849F83400E4A858 /* Build configuration list for PBXNativeTarget "FlipPad" */;
			buildPhases = (
				C7B66ED22849F83200E4A858 /* Sources */,
				C7B66ED32849F83200E4A858 /* Frameworks */,
				C7B66ED42849F83200E4A858 /* Resources */,
			);
			buildRules = (
			);
			dependencies = (
			);
			name = FlipPad;
			packageProductDependencies = (
				C7B66F52284A05C200E4A858 /* Core */,
				C7C6D156284DF5A100A3DB95 /* DifferenceKit */,
				C74AF1CA284E2D9100FF6C31 /* Support */,
			);
			productName = FlipPad;
			productReference = C7B66ED62849F83200E4A858 /* FlipPad.app */;
			productType = "com.apple.product-type.application";
		};
/* End PBXNativeTarget section */

/* Begin PBXProject section */
		C7B66ECE2849F83100E4A858 /* Project object */ = {
			isa = PBXProject;
			attributes = {
				BuildIndependentTargetsInParallel = 1;
				LastSwiftUpdateCheck = 1330;
				LastUpgradeCheck = 1330;
				TargetAttributes = {
					C7B66ED52849F83200E4A858 = {
						CreatedOnToolsVersion = 13.3.1;
					};
				};
			};
			buildConfigurationList = C7B66ED12849F83100E4A858 /* Build configuration list for PBXProject "FlipPad" */;
			compatibilityVersion = "Xcode 13.0";
			developmentRegion = en;
			hasScannedForEncodings = 0;
			knownRegions = (
				en,
				Base,
			);
			mainGroup = C7B66ECD2849F83100E4A858;
			packageReferences = (
				C7C6D155284DF5A100A3DB95 /* XCRemoteSwiftPackageReference "DifferenceKit" */,
			);
			productRefGroup = C7B66ED72849F83200E4A858 /* Products */;
			projectDirPath = "";
			projectRoot = "";
			targets = (
				C7B66ED52849F83200E4A858 /* FlipPad */,
			);
		};
/* End PBXProject section */

/* Begin PBXResourcesBuildPhase section */
		C7B66ED42849F83200E4A858 /* Resources */ = {
			isa = PBXResourcesBuildPhase;
			buildActionMask = 2147483647;
			files = (
				C7B66EE62849F83400E4A858 /* LaunchScreen.storyboard in Resources */,
				C7B66EE32849F83400E4A858 /* Assets.xcassets in Resources */,
				C74AF1BF284E0B6E00FF6C31 /* NewSceneView.storyboard in Resources */,
				C7B66F4F284A048600E4A858 /* BrowserView.storyboard in Resources */,
			);
			runOnlyForDeploymentPostprocessing = 0;
		};
/* End PBXResourcesBuildPhase section */

/* Begin PBXSourcesBuildPhase section */
		C7B66ED22849F83200E4A858 /* Sources */ = {
			isa = PBXSourcesBuildPhase;
			buildActionMask = 2147483647;
			files = (
				C7B66EDA2849F83200E4A858 /* AppDelegate.swift in Sources */,
				C7B66F57284A306300E4A858 /* XibView.swift in Sources */,
				C74AF1B3284E0B5100FF6C31 /* NewScenePresenter.swift in Sources */,
				C7B66F45284A02FA00E4A858 /* UIViewController+Common.swift in Sources */,
				C7B66F23284A01AB00E4A858 /* BrowserInteractor.swift in Sources */,
				C74AF1B8284E0B5100FF6C31 /* NewSceneInputRouterProtocol.swift in Sources */,
				C74AF1BA284E0B5100FF6C31 /* NewScenePresenterProtocol.swift in Sources */,
				C74AF1BC284E0B5100FF6C31 /* NewSceneOutputViewProtocol.swift in Sources */,
				C7B66F5E284A3A1300E4A858 /* BlurView.swift in Sources */,
				C7B66F25284A01AB00E4A858 /* BrowserPresenter.swift in Sources */,
				C74AF1B5284E0B5100FF6C31 /* NewSceneInteractorProtocol.swift in Sources */,
				C7B66F26284A01AB00E4A858 /* BrowserRouter.swift in Sources */,
				C7B66F24284A01AB00E4A858 /* BrowserView.swift in Sources */,
				C74AF1B7284E0B5100FF6C31 /* NewSceneInputViewProtocol.swift in Sources */,
				C74AF1B9284E0B5100FF6C31 /* NewSceneInputInteractorProtocol.swift in Sources */,
				C74AF1BD284E0B5100FF6C31 /* NewSceneRouterProtocol.swift in Sources */,
				C7B66F2B284A01AB00E4A858 /* BrowserInteractorProtocol.swift in Sources */,
				C7B66F2F284A01AB00E4A858 /* BrowserPresenterProtocol.swift in Sources */,
				C7B66F27284A01AB00E4A858 /* BrowserRouterProtocol.swift in Sources */,
				C7B66F2E284A01AB00E4A858 /* BrowserViewProtocol.swift in Sources */,
				C7B66F29284A01AB00E4A858 /* BrowserInputInteractorProtocol.swift in Sources */,
				C74AF1C1284E12EE00FF6C31 /* NewSceneCollectionCell.swift in Sources */,
				C74AF1B4284E0B5100FF6C31 /* NewSceneInteractor.swift in Sources */,
				C7C6D15B284DFB4200A3DB95 /* UIView+Common.swift in Sources */,
				C7B66F28284A01AB00E4A858 /* BrowserInputRouterProtocol.swift in Sources */,
				C74AF1BB284E0B5100FF6C31 /* NewSceneOutputInteractorProtocol.swift in Sources */,
				C74AF1B1284E0B5100FF6C31 /* NewSceneView.swift in Sources */,
				C74AF1B2284E0B5100FF6C31 /* NewSceneRouter.swift in Sources */,
				C7B66F2A284A01AB00E4A858 /* BrowserInputViewProtocol.swift in Sources */,
				C7B66F2D284A01AB00E4A858 /* BrowserOutputInteractorProtocol.swift in Sources */,
				C74AF1B6284E0B5100FF6C31 /* NewSceneViewProtocol.swift in Sources */,
				C7B66F2C284A01AB00E4A858 /* BrowserOutputViewProtocol.swift in Sources */,
				C7BCFF7E284DEA82000A7061 /* BrowserCollectionViewCell.swift in Sources */,
				C7B66F60284A44B900E4A858 /* Constants.swift in Sources */,
			);
			runOnlyForDeploymentPostprocessing = 0;
		};
/* End PBXSourcesBuildPhase section */

/* Begin PBXVariantGroup section */
		C7B66EE42849F83400E4A858 /* LaunchScreen.storyboard */ = {
			isa = PBXVariantGroup;
			children = (
				C7B66EE52849F83400E4A858 /* Base */,
			);
			name = LaunchScreen.storyboard;
			sourceTree = "<group>";
		};
/* End PBXVariantGroup section */

/* Begin XCBuildConfiguration section */
		C7B66EE82849F83400E4A858 /* Debug */ = {
			isa = XCBuildConfiguration;
			buildSettings = {
				ALWAYS_SEARCH_USER_PATHS = NO;
				CLANG_ANALYZER_NONNULL = YES;
				CLANG_ANALYZER_NUMBER_OBJECT_CONVERSION = YES_AGGRESSIVE;
				CLANG_CXX_LANGUAGE_STANDARD = "gnu++17";
				CLANG_ENABLE_MODULES = YES;
				CLANG_ENABLE_OBJC_ARC = YES;
				CLANG_ENABLE_OBJC_WEAK = YES;
				CLANG_WARN_BLOCK_CAPTURE_AUTORELEASING = YES;
				CLANG_WARN_BOOL_CONVERSION = YES;
				CLANG_WARN_COMMA = YES;
				CLANG_WARN_CONSTANT_CONVERSION = YES;
				CLANG_WARN_DEPRECATED_OBJC_IMPLEMENTATIONS = YES;
				CLANG_WARN_DIRECT_OBJC_ISA_USAGE = YES_ERROR;
				CLANG_WARN_DOCUMENTATION_COMMENTS = YES;
				CLANG_WARN_EMPTY_BODY = YES;
				CLANG_WARN_ENUM_CONVERSION = YES;
				CLANG_WARN_INFINITE_RECURSION = YES;
				CLANG_WARN_INT_CONVERSION = YES;
				CLANG_WARN_NON_LITERAL_NULL_CONVERSION = YES;
				CLANG_WARN_OBJC_IMPLICIT_RETAIN_SELF = YES;
				CLANG_WARN_OBJC_LITERAL_CONVERSION = YES;
				CLANG_WARN_OBJC_ROOT_CLASS = YES_ERROR;
				CLANG_WARN_QUOTED_INCLUDE_IN_FRAMEWORK_HEADER = YES;
				CLANG_WARN_RANGE_LOOP_ANALYSIS = YES;
				CLANG_WARN_STRICT_PROTOTYPES = YES;
				CLANG_WARN_SUSPICIOUS_MOVE = YES;
				CLANG_WARN_UNGUARDED_AVAILABILITY = YES_AGGRESSIVE;
				CLANG_WARN_UNREACHABLE_CODE = YES;
				CLANG_WARN__DUPLICATE_METHOD_MATCH = YES;
				COPY_PHASE_STRIP = NO;
				DEBUG_INFORMATION_FORMAT = dwarf;
				ENABLE_STRICT_OBJC_MSGSEND = YES;
				ENABLE_TESTABILITY = YES;
				GCC_C_LANGUAGE_STANDARD = gnu11;
				GCC_DYNAMIC_NO_PIC = NO;
				GCC_NO_COMMON_BLOCKS = YES;
				GCC_OPTIMIZATION_LEVEL = 0;
				GCC_PREPROCESSOR_DEFINITIONS = (
					"DEBUG=1",
					"$(inherited)",
				);
				GCC_WARN_64_TO_32_BIT_CONVERSION = YES;
				GCC_WARN_ABOUT_RETURN_TYPE = YES_ERROR;
				GCC_WARN_UNDECLARED_SELECTOR = YES;
				GCC_WARN_UNINITIALIZED_AUTOS = YES_AGGRESSIVE;
				GCC_WARN_UNUSED_FUNCTION = YES;
				GCC_WARN_UNUSED_VARIABLE = YES;
				IPHONEOS_DEPLOYMENT_TARGET = 15.4;
				MTL_ENABLE_DEBUG_INFO = INCLUDE_SOURCE;
				MTL_FAST_MATH = YES;
				ONLY_ACTIVE_ARCH = YES;
				SDKROOT = iphoneos;
				SWIFT_ACTIVE_COMPILATION_CONDITIONS = DEBUG;
				SWIFT_OPTIMIZATION_LEVEL = "-Onone";
			};
			name = Debug;
		};
		C7B66EE92849F83400E4A858 /* Release */ = {
			isa = XCBuildConfiguration;
			buildSettings = {
				ALWAYS_SEARCH_USER_PATHS = NO;
				CLANG_ANALYZER_NONNULL = YES;
				CLANG_ANALYZER_NUMBER_OBJECT_CONVERSION = YES_AGGRESSIVE;
				CLANG_CXX_LANGUAGE_STANDARD = "gnu++17";
				CLANG_ENABLE_MODULES = YES;
				CLANG_ENABLE_OBJC_ARC = YES;
				CLANG_ENABLE_OBJC_WEAK = YES;
				CLANG_WARN_BLOCK_CAPTURE_AUTORELEASING = YES;
				CLANG_WARN_BOOL_CONVERSION = YES;
				CLANG_WARN_COMMA = YES;
				CLANG_WARN_CONSTANT_CONVERSION = YES;
				CLANG_WARN_DEPRECATED_OBJC_IMPLEMENTATIONS = YES;
				CLANG_WARN_DIRECT_OBJC_ISA_USAGE = YES_ERROR;
				CLANG_WARN_DOCUMENTATION_COMMENTS = YES;
				CLANG_WARN_EMPTY_BODY = YES;
				CLANG_WARN_ENUM_CONVERSION = YES;
				CLANG_WARN_INFINITE_RECURSION = YES;
				CLANG_WARN_INT_CONVERSION = YES;
				CLANG_WARN_NON_LITERAL_NULL_CONVERSION = YES;
				CLANG_WARN_OBJC_IMPLICIT_RETAIN_SELF = YES;
				CLANG_WARN_OBJC_LITERAL_CONVERSION = YES;
				CLANG_WARN_OBJC_ROOT_CLASS = YES_ERROR;
				CLANG_WARN_QUOTED_INCLUDE_IN_FRAMEWORK_HEADER = YES;
				CLANG_WARN_RANGE_LOOP_ANALYSIS = YES;
				CLANG_WARN_STRICT_PROTOTYPES = YES;
				CLANG_WARN_SUSPICIOUS_MOVE = YES;
				CLANG_WARN_UNGUARDED_AVAILABILITY = YES_AGGRESSIVE;
				CLANG_WARN_UNREACHABLE_CODE = YES;
				CLANG_WARN__DUPLICATE_METHOD_MATCH = YES;
				COPY_PHASE_STRIP = NO;
				DEBUG_INFORMATION_FORMAT = "dwarf-with-dsym";
				ENABLE_NS_ASSERTIONS = NO;
				ENABLE_STRICT_OBJC_MSGSEND = YES;
				GCC_C_LANGUAGE_STANDARD = gnu11;
				GCC_NO_COMMON_BLOCKS = YES;
				GCC_WARN_64_TO_32_BIT_CONVERSION = YES;
				GCC_WARN_ABOUT_RETURN_TYPE = YES_ERROR;
				GCC_WARN_UNDECLARED_SELECTOR = YES;
				GCC_WARN_UNINITIALIZED_AUTOS = YES_AGGRESSIVE;
				GCC_WARN_UNUSED_FUNCTION = YES;
				GCC_WARN_UNUSED_VARIABLE = YES;
				IPHONEOS_DEPLOYMENT_TARGET = 15.4;
				MTL_ENABLE_DEBUG_INFO = NO;
				MTL_FAST_MATH = YES;
				SDKROOT = iphoneos;
				SWIFT_COMPILATION_MODE = wholemodule;
				SWIFT_OPTIMIZATION_LEVEL = "-O";
				VALIDATE_PRODUCT = YES;
			};
			name = Release;
		};
		C7B66EEB2849F83400E4A858 /* Debug */ = {
			isa = XCBuildConfiguration;
			buildSettings = {
				ASSETCATALOG_COMPILER_APPICON_NAME = Icon;
				ASSETCATALOG_COMPILER_GLOBAL_ACCENT_COLOR_NAME = Accent;
				CODE_SIGN_ENTITLEMENTS = FlipPad/Others/FlipPad.entitlements;
				CODE_SIGN_STYLE = Automatic;
				CURRENT_PROJECT_VERSION = 1;
				DEVELOPMENT_TEAM = 68SVGWK7EA;
				GENERATE_INFOPLIST_FILE = YES;
				INFOPLIST_FILE = FlipPad/Others/Info.plist;
				INFOPLIST_KEY_LSApplicationCategoryType = "public.app-category.graphics-design";
				INFOPLIST_KEY_UIApplicationSupportsIndirectInputEvents = YES;
				INFOPLIST_KEY_UILaunchStoryboardName = LaunchScreen;
				INFOPLIST_KEY_UIStatusBarHidden = YES;
				INFOPLIST_KEY_UISupportedInterfaceOrientations_iPad = "UIInterfaceOrientationPortrait UIInterfaceOrientationPortraitUpsideDown UIInterfaceOrientationLandscapeLeft UIInterfaceOrientationLandscapeRight";
				INFOPLIST_KEY_UISupportedInterfaceOrientations_iPhone = "UIInterfaceOrientationLandscapeLeft UIInterfaceOrientationLandscapeRight";
				IPHONEOS_DEPLOYMENT_TARGET = 11.4;
				"IPHONEOS_DEPLOYMENT_TARGET[sdk=macosx*]" = 13.1;
				LD_RUNPATH_SEARCH_PATHS = (
					"$(inherited)",
					"@executable_path/Frameworks",
				);
				MARKETING_VERSION = 0.1.0;
				PRODUCT_BUNDLE_IDENTIFIER = com.zuzex.flip;
				PRODUCT_NAME = "$(TARGET_NAME)";
				SUPPORTS_MACCATALYST = YES;
				SWIFT_EMIT_LOC_STRINGS = YES;
				SWIFT_VERSION = 5.0;
				TARGETED_DEVICE_FAMILY = "1,2";
			};
			name = Debug;
		};
		C7B66EEC2849F83400E4A858 /* Release */ = {
			isa = XCBuildConfiguration;
			buildSettings = {
				ASSETCATALOG_COMPILER_APPICON_NAME = Icon;
				ASSETCATALOG_COMPILER_GLOBAL_ACCENT_COLOR_NAME = Accent;
				CODE_SIGN_ENTITLEMENTS = FlipPad/Others/FlipPad.entitlements;
				CODE_SIGN_STYLE = Automatic;
				CURRENT_PROJECT_VERSION = 1;
				DEVELOPMENT_TEAM = 68SVGWK7EA;
				GENERATE_INFOPLIST_FILE = YES;
				INFOPLIST_FILE = FlipPad/Others/Info.plist;
				INFOPLIST_KEY_LSApplicationCategoryType = "public.app-category.graphics-design";
				INFOPLIST_KEY_UIApplicationSupportsIndirectInputEvents = YES;
				INFOPLIST_KEY_UILaunchStoryboardName = LaunchScreen;
				INFOPLIST_KEY_UIStatusBarHidden = YES;
				INFOPLIST_KEY_UISupportedInterfaceOrientations_iPad = "UIInterfaceOrientationPortrait UIInterfaceOrientationPortraitUpsideDown UIInterfaceOrientationLandscapeLeft UIInterfaceOrientationLandscapeRight";
				INFOPLIST_KEY_UISupportedInterfaceOrientations_iPhone = "UIInterfaceOrientationLandscapeLeft UIInterfaceOrientationLandscapeRight";
				IPHONEOS_DEPLOYMENT_TARGET = 11.4;
				"IPHONEOS_DEPLOYMENT_TARGET[sdk=macosx*]" = 13.1;
				LD_RUNPATH_SEARCH_PATHS = (
					"$(inherited)",
					"@executable_path/Frameworks",
				);
				MARKETING_VERSION = 0.1.0;
				PRODUCT_BUNDLE_IDENTIFIER = com.zuzex.flip;
				PRODUCT_NAME = "$(TARGET_NAME)";
				SUPPORTS_MACCATALYST = YES;
				SWIFT_EMIT_LOC_STRINGS = YES;
				SWIFT_VERSION = 5.0;
				TARGETED_DEVICE_FAMILY = "1,2";
			};
			name = Release;
		};
/* End XCBuildConfiguration section */

/* Begin XCConfigurationList section */
		C7B66ED12849F83100E4A858 /* Build configuration list for PBXProject "FlipPad" */ = {
			isa = XCConfigurationList;
			buildConfigurations = (
				C7B66EE82849F83400E4A858 /* Debug */,
				C7B66EE92849F83400E4A858 /* Release */,
			);
			defaultConfigurationIsVisible = 0;
			defaultConfigurationName = Release;
		};
		C7B66EEA2849F83400E4A858 /* Build configuration list for PBXNativeTarget "FlipPad" */ = {
			isa = XCConfigurationList;
			buildConfigurations = (
				C7B66EEB2849F83400E4A858 /* Debug */,
				C7B66EEC2849F83400E4A858 /* Release */,
			);
			defaultConfigurationIsVisible = 0;
			defaultConfigurationName = Release;
		};
/* End XCConfigurationList section */

/* Begin XCRemoteSwiftPackageReference section */
		C7C6D155284DF5A100A3DB95 /* XCRemoteSwiftPackageReference "DifferenceKit" */ = {
			isa = XCRemoteSwiftPackageReference;
			repositoryURL = "https://github.com/ra1028/DifferenceKit.git";
			requirement = {
				kind = upToNextMajorVersion;
				minimumVersion = 1.2.0;
			};
		};
/* End XCRemoteSwiftPackageReference section */

/* Begin XCSwiftPackageProductDependency section */
		C74AF1CA284E2D9100FF6C31 /* Support */ = {
			isa = XCSwiftPackageProductDependency;
			productName = Support;
		};
		C7B66F52284A05C200E4A858 /* Core */ = {
			isa = XCSwiftPackageProductDependency;
			productName = Core;
		};
		C7C6D156284DF5A100A3DB95 /* DifferenceKit */ = {
			isa = XCSwiftPackageProductDependency;
			package = C7C6D155284DF5A100A3DB95 /* XCRemoteSwiftPackageReference "DifferenceKit" */;
			productName = DifferenceKit;
		};
/* End XCSwiftPackageProductDependency section */
	};
	rootObject = C7B66ECE2849F83100E4A858 /* Project object */;
}
